
Microsoft Visual Studio Solution File, Format Version 12.00
# Visual Studio Version 17
VisualStudioVersion = 17.8.34525.116
MinimumVisualStudioVersion = 10.0.40219.1
Project("{FAE04EC0-301F-11D3-BF4B-00C04F79EFBC}") = "FileShareTriggerFunction", "FileShareTriggerFunction\FileShareTriggerFunction.csproj", "{CC82E5B4-2054-41BB-9739-96C3B1FCBBD8}"
EndProject
Global
	GlobalSection(SolutionConfigurationPlatforms) = preSolution
		Debug|Any CPU = Debug|Any CPU
		Release|Any CPU = Release|Any CPU
	EndGlobalSection
	GlobalSection(ProjectConfigurationPlatforms) = postSolution
		{CC82E5B4-2054-41BB-9739-96C3B1FCBBD8}.Debug|Any CPU.ActiveCfg = Debug|Any CPU
		{CC82E5B4-2054-41BB-9739-96C3B1FCBBD8}.Debug|Any CPU.Build.0 = Debug|Any CPU
		{CC82E5B4-2054-41BB-9739-96C3B1FCBBD8}.Release|Any CPU.ActiveCfg = Release|Any CPU
		{CC82E5B4-2054-41BB-9739-96C3B1FCBBD8}.Release|Any CPU.Build.0 = Release|Any CPU
	EndGlobalSection
	GlobalSection(SolutionProperties) = preSolution
		HideSolutionNode = FALSE
	EndGlobalSection
	GlobalSection(ExtensibilityGlobals) = postSolution
		SolutionGuid = {D1CFE41F-50CB-4C85-B089-236CE868F7A0}
	EndGlobalSection
EndGlobal
