
Microsoft Visual Studio Solution File, Format Version 12.00
# Visual Studio Version 17
VisualStudioVersion = 17.8.34525.116
MinimumVisualStudioVersion = 10.0.40219.1
Project("{FAE04EC0-301F-11D3-BF4B-00C04F79EFBC}") = "QueueTriggerFunction", "QueueTriggerFunction\QueueTriggerFunction.csproj", "{4B3DA8D1-6533-426F-998D-72199FFA086D}"
EndProject
Global
	GlobalSection(SolutionConfigurationPlatforms) = preSolution
		Debug|Any CPU = Debug|Any CPU
		Release|Any CPU = Release|Any CPU
	EndGlobalSection
	GlobalSection(ProjectConfigurationPlatforms) = postSolution
		{4B3DA8D1-6533-426F-998D-72199FFA086D}.Debug|Any CPU.ActiveCfg = Debug|Any CPU
		{4B3DA8D1-6533-426F-998D-72199FFA086D}.Debug|Any CPU.Build.0 = Debug|Any CPU
		{4B3DA8D1-6533-426F-998D-72199FFA086D}.Release|Any CPU.ActiveCfg = Release|Any CPU
		{4B3DA8D1-6533-426F-998D-72199FFA086D}.Release|Any CPU.Build.0 = Release|Any CPU
	EndGlobalSection
	GlobalSection(SolutionProperties) = preSolution
		HideSolutionNode = FALSE
	EndGlobalSection
	GlobalSection(ExtensibilityGlobals) = postSolution
		SolutionGuid = {E6D90649-BAC3-4A70-8BD6-6103F513924E}
	EndGlobalSection
EndGlobal
